
Microsoft Visual Studio Solution File, Format Version 12.00
# Visual Studio Version 17
VisualStudioVersion = 17.1.32328.378
MinimumVisualStudioVersion = 10.0.40219.1
Project("{FAE04EC0-301F-11D3-BF4B-00C04F79EFBC}") = "ACC_Manager", "ACC_Manager\ACC_Manager.csproj", "{DEA7B2CA-611A-4CB8-BEDA-988F3EA11AF9}"
EndProject
Project("{FAE04EC0-301F-11D3-BF4B-00C04F79EFBC}") = "ACC_Manager.HUD", "ACC_Manager.HUD\ACC_Manager.HUD.csproj", "{3717A55E-4629-40ED-9C93-24058D9EF18C}"
EndProject
Project("{FAE04EC0-301F-11D3-BF4B-00C04F79EFBC}") = "ACC_Manager.HUD.ACC", "ACC_Manager.HUD.ACC\ACC_Manager.HUD.ACC.csproj", "{F1699F70-54A1-49F2-896D-B70B1EDABF74}"
EndProject
Project("{FAE04EC0-301F-11D3-BF4B-00C04F79EFBC}") = "ACC_Manager.SharedMemory", "ACC_Manager.SharedMemory\ACC_Manager.SharedMemory.csproj", "{9F9BE520-14C4-4AB6-8119-5E14BCCA9A0F}"
EndProject
Project("{FAE04EC0-301F-11D3-BF4B-00C04F79EFBC}") = "ACC_Manager.Util", "ACC_Manager.Util\ACC_Manager.Util.csproj", "{AAB23116-299B-415B-8305-96CB86148CE7}"
EndProject
Project("{FAE04EC0-301F-11D3-BF4B-00C04F79EFBC}") = "ACC_Manager.Data.ACC", "ACC_Manager.Data.ACC\ACC_Manager.Data.ACC.csproj", "{BB693CEB-CD96-4EB6-9F13-110D3CCECFFE}"
EndProject
Global
	GlobalSection(SolutionConfigurationPlatforms) = preSolution
		Debug|Any CPU = Debug|Any CPU
		Debug|x64 = Debug|x64
		Debug|x86 = Debug|x86
		Release|Any CPU = Release|Any CPU
		Release|x64 = Release|x64
		Release|x86 = Release|x86
	EndGlobalSection
	GlobalSection(ProjectConfigurationPlatforms) = postSolution
		{DEA7B2CA-611A-4CB8-BEDA-988F3EA11AF9}.Debug|Any CPU.ActiveCfg = Debug|Any CPU
		{DEA7B2CA-611A-4CB8-BEDA-988F3EA11AF9}.Debug|Any CPU.Build.0 = Debug|Any CPU
		{DEA7B2CA-611A-4CB8-BEDA-988F3EA11AF9}.Debug|x64.ActiveCfg = Debug|Any CPU
		{DEA7B2CA-611A-4CB8-BEDA-988F3EA11AF9}.Debug|x64.Build.0 = Debug|Any CPU
		{DEA7B2CA-611A-4CB8-BEDA-988F3EA11AF9}.Debug|x86.ActiveCfg = Debug|Any CPU
		{DEA7B2CA-611A-4CB8-BEDA-988F3EA11AF9}.Debug|x86.Build.0 = Debug|Any CPU
		{DEA7B2CA-611A-4CB8-BEDA-988F3EA11AF9}.Release|Any CPU.ActiveCfg = Release|Any CPU
		{DEA7B2CA-611A-4CB8-BEDA-988F3EA11AF9}.Release|Any CPU.Build.0 = Release|Any CPU
		{DEA7B2CA-611A-4CB8-BEDA-988F3EA11AF9}.Release|x64.ActiveCfg = Release|Any CPU
		{DEA7B2CA-611A-4CB8-BEDA-988F3EA11AF9}.Release|x64.Build.0 = Release|Any CPU
		{DEA7B2CA-611A-4CB8-BEDA-988F3EA11AF9}.Release|x86.ActiveCfg = Release|Any CPU
		{DEA7B2CA-611A-4CB8-BEDA-988F3EA11AF9}.Release|x86.Build.0 = Release|Any CPU
		{3717A55E-4629-40ED-9C93-24058D9EF18C}.Debug|Any CPU.ActiveCfg = Debug|Any CPU
		{3717A55E-4629-40ED-9C93-24058D9EF18C}.Debug|Any CPU.Build.0 = Debug|Any CPU
		{3717A55E-4629-40ED-9C93-24058D9EF18C}.Debug|x64.ActiveCfg = Debug|Any CPU
		{3717A55E-4629-40ED-9C93-24058D9EF18C}.Debug|x64.Build.0 = Debug|Any CPU
		{3717A55E-4629-40ED-9C93-24058D9EF18C}.Debug|x86.ActiveCfg = Debug|Any CPU
		{3717A55E-4629-40ED-9C93-24058D9EF18C}.Debug|x86.Build.0 = Debug|Any CPU
		{3717A55E-4629-40ED-9C93-24058D9EF18C}.Release|Any CPU.ActiveCfg = Release|Any CPU
		{3717A55E-4629-40ED-9C93-24058D9EF18C}.Release|Any CPU.Build.0 = Release|Any CPU
		{3717A55E-4629-40ED-9C93-24058D9EF18C}.Release|x64.ActiveCfg = Release|Any CPU
		{3717A55E-4629-40ED-9C93-24058D9EF18C}.Release|x64.Build.0 = Release|Any CPU
		{3717A55E-4629-40ED-9C93-24058D9EF18C}.Release|x86.ActiveCfg = Release|Any CPU
		{3717A55E-4629-40ED-9C93-24058D9EF18C}.Release|x86.Build.0 = Release|Any CPU
		{F1699F70-54A1-49F2-896D-B70B1EDABF74}.Debug|Any CPU.ActiveCfg = Debug|Any CPU
		{F1699F70-54A1-49F2-896D-B70B1EDABF74}.Debug|Any CPU.Build.0 = Debug|Any CPU
		{F1699F70-54A1-49F2-896D-B70B1EDABF74}.Debug|x64.ActiveCfg = Debug|Any CPU
		{F1699F70-54A1-49F2-896D-B70B1EDABF74}.Debug|x64.Build.0 = Debug|Any CPU
		{F1699F70-54A1-49F2-896D-B70B1EDABF74}.Debug|x86.ActiveCfg = Debug|Any CPU
		{F1699F70-54A1-49F2-896D-B70B1EDABF74}.Debug|x86.Build.0 = Debug|Any CPU
		{F1699F70-54A1-49F2-896D-B70B1EDABF74}.Release|Any CPU.ActiveCfg = Release|Any CPU
		{F1699F70-54A1-49F2-896D-B70B1EDABF74}.Release|Any CPU.Build.0 = Release|Any CPU
		{F1699F70-54A1-49F2-896D-B70B1EDABF74}.Release|x64.ActiveCfg = Release|Any CPU
		{F1699F70-54A1-49F2-896D-B70B1EDABF74}.Release|x64.Build.0 = Release|Any CPU
		{F1699F70-54A1-49F2-896D-B70B1EDABF74}.Release|x86.ActiveCfg = Release|Any CPU
		{F1699F70-54A1-49F2-896D-B70B1EDABF74}.Release|x86.Build.0 = Release|Any CPU
		{9F9BE520-14C4-4AB6-8119-5E14BCCA9A0F}.Debug|Any CPU.ActiveCfg = Debug|Any CPU
		{9F9BE520-14C4-4AB6-8119-5E14BCCA9A0F}.Debug|Any CPU.Build.0 = Debug|Any CPU
		{9F9BE520-14C4-4AB6-8119-5E14BCCA9A0F}.Debug|x64.ActiveCfg = Debug|Any CPU
		{9F9BE520-14C4-4AB6-8119-5E14BCCA9A0F}.Debug|x64.Build.0 = Debug|Any CPU
		{9F9BE520-14C4-4AB6-8119-5E14BCCA9A0F}.Debug|x86.ActiveCfg = Debug|Any CPU
		{9F9BE520-14C4-4AB6-8119-5E14BCCA9A0F}.Debug|x86.Build.0 = Debug|Any CPU
		{9F9BE520-14C4-4AB6-8119-5E14BCCA9A0F}.Release|Any CPU.ActiveCfg = Release|Any CPU
		{9F9BE520-14C4-4AB6-8119-5E14BCCA9A0F}.Release|Any CPU.Build.0 = Release|Any CPU
		{9F9BE520-14C4-4AB6-8119-5E14BCCA9A0F}.Release|x64.ActiveCfg = Release|Any CPU
		{9F9BE520-14C4-4AB6-8119-5E14BCCA9A0F}.Release|x64.Build.0 = Release|Any CPU
		{9F9BE520-14C4-4AB6-8119-5E14BCCA9A0F}.Release|x86.ActiveCfg = Release|Any CPU
		{9F9BE520-14C4-4AB6-8119-5E14BCCA9A0F}.Release|x86.Build.0 = Release|Any CPU
		{AAB23116-299B-415B-8305-96CB86148CE7}.Debug|Any CPU.ActiveCfg = Debug|Any CPU
		{AAB23116-299B-415B-8305-96CB86148CE7}.Debug|Any CPU.Build.0 = Debug|Any CPU
		{AAB23116-299B-415B-8305-96CB86148CE7}.Debug|x64.ActiveCfg = Debug|Any CPU
		{AAB23116-299B-415B-8305-96CB86148CE7}.Debug|x64.Build.0 = Debug|Any CPU
		{AAB23116-299B-415B-8305-96CB86148CE7}.Debug|x86.ActiveCfg = Debug|Any CPU
		{AAB23116-299B-415B-8305-96CB86148CE7}.Debug|x86.Build.0 = Debug|Any CPU
		{AAB23116-299B-415B-8305-96CB86148CE7}.Release|Any CPU.ActiveCfg = Release|Any CPU
		{AAB23116-299B-415B-8305-96CB86148CE7}.Release|Any CPU.Build.0 = Release|Any CPU
		{AAB23116-299B-415B-8305-96CB86148CE7}.Release|x64.ActiveCfg = Release|Any CPU
		{AAB23116-299B-415B-8305-96CB86148CE7}.Release|x64.Build.0 = Release|Any CPU
		{AAB23116-299B-415B-8305-96CB86148CE7}.Release|x86.ActiveCfg = Release|Any CPU
		{AAB23116-299B-415B-8305-96CB86148CE7}.Release|x86.Build.0 = Release|Any CPU
		{BB693CEB-CD96-4EB6-9F13-110D3CCECFFE}.Debug|Any CPU.ActiveCfg = Debug|Any CPU
		{BB693CEB-CD96-4EB6-9F13-110D3CCECFFE}.Debug|Any CPU.Build.0 = Debug|Any CPU
		{BB693CEB-CD96-4EB6-9F13-110D3CCECFFE}.Debug|x64.ActiveCfg = Debug|Any CPU
		{BB693CEB-CD96-4EB6-9F13-110D3CCECFFE}.Debug|x64.Build.0 = Debug|Any CPU
		{BB693CEB-CD96-4EB6-9F13-110D3CCECFFE}.Debug|x86.ActiveCfg = Debug|Any CPU
		{BB693CEB-CD96-4EB6-9F13-110D3CCECFFE}.Debug|x86.Build.0 = Debug|Any CPU
		{BB693CEB-CD96-4EB6-9F13-110D3CCECFFE}.Release|Any CPU.ActiveCfg = Release|Any CPU
		{BB693CEB-CD96-4EB6-9F13-110D3CCECFFE}.Release|Any CPU.Build.0 = Release|Any CPU
		{BB693CEB-CD96-4EB6-9F13-110D3CCECFFE}.Release|x64.ActiveCfg = Release|Any CPU
		{BB693CEB-CD96-4EB6-9F13-110D3CCECFFE}.Release|x64.Build.0 = Release|Any CPU
		{BB693CEB-CD96-4EB6-9F13-110D3CCECFFE}.Release|x86.ActiveCfg = Release|Any CPU
		{BB693CEB-CD96-4EB6-9F13-110D3CCECFFE}.Release|x86.Build.0 = Release|Any CPU
	EndGlobalSection
	GlobalSection(SolutionProperties) = preSolution
		HideSolutionNode = FALSE
	EndGlobalSection
	GlobalSection(ExtensibilityGlobals) = postSolution
		SolutionGuid = {D4FB11E1-6550-4E3D-B2CE-4346D74712F8}
	EndGlobalSection
EndGlobal
